lockfileVersion: '6.0'

settings:
  autoInstallPeers: true
  excludeLinksFromLockfile: false

importers:

  .:
    dependencies:
      '@testing-library/react':
        specifier: ^16.0.1
        version: 16.1.0(@testing-library/dom@10.4.0)(@types/react-dom@18.3.5)(@types/react@18.3.18)(react-dom@18.3.1)(react@18.3.1)
      '@testing-library/user-event':
        specifier: ^14.5.2
        version: 14.5.2(@testing-library/dom@10.4.0)
      react:
        specifier: ^18.3.1
        version: 18.3.1
      react-dom:
        specifier: ^18.3.1
        version: 18.3.1(react@18.3.1)
    devDependencies:
      '@biomejs/biome':
        specifier: ^1.9.3
        version: 1.9.4
      '@types/chai':
        specifier: ^5.0.1
        version: 5.0.1
      '@types/node':
        specifier: ^22.8.1
        version: 22.10.2
      '@types/react':
        specifier: ^18.3.12
        version: 18.3.18
      '@types/react-dom':
        specifier: ^18.3.1
        version: 18.3.5(@types/react@18.3.18)
      chai:
        specifier: ^5.1.2
        version: 5.1.2
      prettier:
        specifier: ^3.3.3
        version: 3.4.2
      typescript:
        specifier: ^5.6.3
        version: 5.7.2

  packages/minimal:
    dependencies:
      tinyglobby:
        specifier: ^0.2.10
        version: 0.2.10
    devDependencies:
      '@rslib/core':
        specifier: ^0.1.0
        version: 0.1.5(typescript@5.7.2)
      '@types/node':
        specifier: ^22.8.1
        version: 22.10.2
      typescript:
        specifier: ^5.6.3
        version: 5.7.2

  packages/test-lazy-compilation:
    dependencies:
      lodash:
        specifier: ^4.17.21
        version: 4.17.21
      tinyglobby:
        specifier: ^0.2.10
        version: 0.2.10
    devDependencies:
      '@rsbuild/core':
        specifier: latest
        version: 1.1.13
      '@types/lodash':
        specifier: ^4.17.14
        version: 4.17.14
      '@types/node':
        specifier: ^22.8.1
        version: 22.10.2
      minimal-test:
        specifier: workspace:*
        version: link:../minimal
      polka:
        specifier: ^0.5.2
        version: 0.5.2
      typescript:
        specifier: ^5.6.3
        version: 5.7.2

packages:

  /@arr/every@1.0.1:
    resolution: {integrity: sha512-UQFQ6SgyJ6LX42W8rHCs8KVc0JS0tzVL9ct4XYedJukskYVWTo49tNiMEK9C2HTyarbNiT/RVIRSY82vH+6sTg==}
    engines: {node: '>=4'}
    dev: true

  /@babel/code-frame@7.26.2:
    resolution: {integrity: sha512-RJlIHRueQgwWitWgF8OdFYGZX328Ax5BCemNGlqHfplnRT9ESi8JkFlvaVYbS+UubVY6dpv87Fs2u5M29iNFVQ==}
    engines: {node: '>=6.9.0'}
    dependencies:
      '@babel/helper-validator-identifier': 7.25.9
      js-tokens: 4.0.0
      picocolors: 1.1.1
    dev: false

  /@babel/helper-validator-identifier@7.25.9:
    resolution: {integrity: sha512-Ed61U6XJc3CVRfkERJWDz4dJwKe7iLmmJsbOGu9wSloNSFttHV0I8g6UAgb7qnK5ly5bGLPd4oXZlxCdANBOWQ==}
    engines: {node: '>=6.9.0'}
    dev: false

  /@babel/runtime@7.26.0:
    resolution: {integrity: sha512-FDSOghenHTiToteC/QRlv2q3DhPZ/oOXTBoirfWNx1Cx3TMVcGWQtMMmQcSvb/JjpNeGzx8Pq/b4fKEJuWm1sw==}
    engines: {node: '>=6.9.0'}
    dependencies:
      regenerator-runtime: 0.14.1
    dev: false

  /@biomejs/biome@1.9.4:
    resolution: {integrity: sha512-1rkd7G70+o9KkTn5KLmDYXihGoTaIGO9PIIN2ZB7UJxFrWw04CZHPYiMRjYsaDvVV7hP1dYNRLxSANLaBFGpog==}
    engines: {node: '>=14.21.3'}
    hasBin: true
    requiresBuild: true
    optionalDependencies:
      '@biomejs/cli-darwin-arm64': 1.9.4
      '@biomejs/cli-darwin-x64': 1.9.4
      '@biomejs/cli-linux-arm64': 1.9.4
      '@biomejs/cli-linux-arm64-musl': 1.9.4
      '@biomejs/cli-linux-x64': 1.9.4
      '@biomejs/cli-linux-x64-musl': 1.9.4
      '@biomejs/cli-win32-arm64': 1.9.4
      '@biomejs/cli-win32-x64': 1.9.4
    dev: true

  /@biomejs/cli-darwin-arm64@1.9.4:
    resolution: {integrity: sha512-bFBsPWrNvkdKrNCYeAp+xo2HecOGPAy9WyNyB/jKnnedgzl4W4Hb9ZMzYNbf8dMCGmUdSavlYHiR01QaYR58cw==}
    engines: {node: '>=14.21.3'}
    cpu: [arm64]
    os: [darwin]
    requiresBuild: true
    dev: true
    optional: true

  /@biomejs/cli-darwin-x64@1.9.4:
    resolution: {integrity: sha512-ngYBh/+bEedqkSevPVhLP4QfVPCpb+4BBe2p7Xs32dBgs7rh9nY2AIYUL6BgLw1JVXV8GlpKmb/hNiuIxfPfZg==}
    engines: {node: '>=14.21.3'}
    cpu: [x64]
    os: [darwin]
    requiresBuild: true
    dev: true
    optional: true

  /@biomejs/cli-linux-arm64-musl@1.9.4:
    resolution: {integrity: sha512-v665Ct9WCRjGa8+kTr0CzApU0+XXtRgwmzIf1SeKSGAv+2scAlW6JR5PMFo6FzqqZ64Po79cKODKf3/AAmECqA==}
    engines: {node: '>=14.21.3'}
    cpu: [arm64]
    os: [linux]
    requiresBuild: true
    dev: true
    optional: true

  /@biomejs/cli-linux-arm64@1.9.4:
    resolution: {integrity: sha512-fJIW0+LYujdjUgJJuwesP4EjIBl/N/TcOX3IvIHJQNsAqvV2CHIogsmA94BPG6jZATS4Hi+xv4SkBBQSt1N4/g==}
    engines: {node: '>=14.21.3'}
    cpu: [arm64]
    os: [linux]
    requiresBuild: true
    dev: true
    optional: true

  /@biomejs/cli-linux-x64-musl@1.9.4:
    resolution: {integrity: sha512-gEhi/jSBhZ2m6wjV530Yy8+fNqG8PAinM3oV7CyO+6c3CEh16Eizm21uHVsyVBEB6RIM8JHIl6AGYCv6Q6Q9Tg==}
    engines: {node: '>=14.21.3'}
    cpu: [x64]
    os: [linux]
    requiresBuild: true
    dev: true
    optional: true

  /@biomejs/cli-linux-x64@1.9.4:
    resolution: {integrity: sha512-lRCJv/Vi3Vlwmbd6K+oQ0KhLHMAysN8lXoCI7XeHlxaajk06u7G+UsFSO01NAs5iYuWKmVZjmiOzJ0OJmGsMwg==}
    engines: {node: '>=14.21.3'}
    cpu: [x64]
    os: [linux]
    requiresBuild: true
    dev: true
    optional: true

  /@biomejs/cli-win32-arm64@1.9.4:
    resolution: {integrity: sha512-tlbhLk+WXZmgwoIKwHIHEBZUwxml7bRJgk0X2sPyNR3S93cdRq6XulAZRQJ17FYGGzWne0fgrXBKpl7l4M87Hg==}
    engines: {node: '>=14.21.3'}
    cpu: [arm64]
    os: [win32]
    requiresBuild: true
    dev: true
    optional: true

  /@biomejs/cli-win32-x64@1.9.4:
    resolution: {integrity: sha512-8Y5wMhVIPaWe6jw2H+KlEm4wP/f7EW3810ZLmDlrEEy5KvBsb9ECEfu/kMWD484ijfQ8+nIi0giMgu9g1UAuuA==}
    engines: {node: '>=14.21.3'}
    cpu: [x64]
    os: [win32]
    requiresBuild: true
    dev: true
    optional: true

  /@jridgewell/sourcemap-codec@1.5.0:
    resolution: {integrity: sha512-gv3ZRaISU3fjPAgNsriBRqGWQL6quFx04YMPW/zD8XMLsU32mhCCbfbO6KZFLjvYpCZ8zyDEgqsgf+PwPaM7GQ==}
    dev: true

  /@module-federation/runtime-tools@0.5.1:
    resolution: {integrity: sha512-nfBedkoZ3/SWyO0hnmaxuz0R0iGPSikHZOAZ0N/dVSQaIzlffUo35B5nlC2wgWIc0JdMZfkwkjZRrnuuDIJbzg==}
    dependencies:
      '@module-federation/runtime': 0.5.1
      '@module-federation/webpack-bundler-runtime': 0.5.1
    dev: true

  /@module-federation/runtime@0.5.1:
    resolution: {integrity: sha512-xgiMUWwGLWDrvZc9JibuEbXIbhXg6z2oUkemogSvQ4LKvrl/n0kbqP1Blk669mXzyWbqtSp6PpvNdwaE1aN5xQ==}
    dependencies:
      '@module-federation/sdk': 0.5.1
    dev: true

  /@module-federation/sdk@0.5.1:
    resolution: {integrity: sha512-exvchtjNURJJkpqjQ3/opdbfeT2wPKvrbnGnyRkrwW5o3FH1LaST1tkiNviT6OXTexGaVc2DahbdniQHVtQ7pA==}
    dev: true

  /@module-federation/webpack-bundler-runtime@0.5.1:
    resolution: {integrity: sha512-mMhRFH0k2VjwHt3Jol9JkUsmI/4XlrAoBG3E0o7HoyoPYv1UFOWyqAflfANcUPgbYpvqmyLzDcO+3IT36LXnrA==}
    dependencies:
      '@module-federation/runtime': 0.5.1
      '@module-federation/sdk': 0.5.1
    dev: true

  /@polka/url@0.5.0:
    resolution: {integrity: sha512-oZLYFEAzUKyi3SKnXvj32ZCEGH6RDnao7COuCVhDydMS9NrCSVXhM79VaKyP5+Zc33m0QXEd2DN3UkU7OsHcfw==}
    dev: true

  /@rsbuild/core@1.1.13:
    resolution: {integrity: sha512-XBL2hrin8731W6iTGGL+x3cv07n4vm2D7u6XHRwtQkRfySzAqGx7ThlQLdNX/dJwfsoQrYQuWl/qzaljjXtGtg==}
    engines: {node: '>=16.7.0'}
    hasBin: true
    dependencies:
      '@rspack/core': 1.1.8(@swc/helpers@0.5.15)
      '@rspack/lite-tapable': 1.0.1
      '@swc/helpers': 0.5.15
      core-js: 3.39.0
    dev: true

  /@rslib/core@0.1.5(typescript@5.7.2):
    resolution: {integrity: sha512-m0OPJNy5ZZqqKDNWTdiG8GELgg++77Ndx3Op48mHMZ1aUSknqwKm59Rya/nZr/6fc3rvos1YM5FogXQ3/pt1/A==}
    engines: {node: '>=16.0.0'}
    hasBin: true
    peerDependencies:
      '@microsoft/api-extractor': ^7
      typescript: ^5
    peerDependenciesMeta:
      '@microsoft/api-extractor':
        optional: true
      typescript:
        optional: true
    dependencies:
      '@rsbuild/core': 1.1.13
      rsbuild-plugin-dts: 0.1.5(@rsbuild/core@1.1.13)(typescript@5.7.2)
      tinyglobby: 0.2.10
      typescript: 5.7.2
    dev: true

  /@rspack/binding-darwin-arm64@1.1.8:
    resolution: {integrity: sha512-I7avr471ghQ3LAqKm2fuXuJPLgQ9gffn5Q4nHi8rsukuZUtiLDPfYzK1QuupEp2JXRWM1gG5lIbSUOht3cD6Ug==}
    cpu: [arm64]
    os: [darwin]
    requiresBuild: true
    dev: true
    optional: true

  /@rspack/binding-darwin-x64@1.1.8:
    resolution: {integrity: sha512-vfqf/c+mcx8rr1M8LnqKmzDdnrgguflZnjGerBLjNerAc+dcUp3lCvNxRIvZ2TkSZZBW8BpCMgjj3n70CZ4VLQ==}
    cpu: [x64]
    os: [darwin]
    requiresBuild: true
    dev: true
    optional: true

  /@rspack/binding-linux-arm64-gnu@1.1.8:
    resolution: {integrity: sha512-lZlO/rAJSeozi+qtVLkGSXfe+riPawCwM4FsrflELfNlvvEXpANwtrdJ+LsaNVXcgvhh50ZX2KicTdmx9G2b6Q==}
    cpu: [arm64]
    os: [linux]
    requiresBuild: true
    dev: true
    optional: true

  /@rspack/binding-linux-arm64-musl@1.1.8:
    resolution: {integrity: sha512-bX7exULSZwy8xtDh6Z65b6sRC4uSxGuyvSLCEKyhmG6AnJkg0gQMxk3hoO0hWnyGEZgdJEn+jEhk0fjl+6ZRAQ==}
    cpu: [arm64]
    os: [linux]
    requiresBuild: true
    dev: true
    optional: true

  /@rspack/binding-linux-x64-gnu@1.1.8:
    resolution: {integrity: sha512-2Prw2USgTJ3aLdLExfik8pAwAHbX4MZrACBGEmR7Vbb56kLjC+++fXkciRc50pUDK4JFr1VQ7eNZrJuDR6GG6Q==}
    cpu: [x64]
    os: [linux]
    requiresBuild: true
    dev: true
    optional: true

  /@rspack/binding-linux-x64-musl@1.1.8:
    resolution: {integrity: sha512-bnVGB/mQBKEdzOU/CPmcOE3qEXxGOGGW7/i6iLl2MamVOykJq8fYjL9j86yi6L0r009ja16OgWckykQGc4UqGw==}
    cpu: [x64]
    os: [linux]
    requiresBuild: true
    dev: true
    optional: true

  /@rspack/binding-win32-arm64-msvc@1.1.8:
    resolution: {integrity: sha512-u+na3gxhzeksm4xZyAzn1+XWo5a5j7hgWA/KcFPDQ8qQNkRknx4jnQMxVtcZ9pLskAYV4AcOV/AIximx7zvv8A==}
    cpu: [arm64]
    os: [win32]
    requiresBuild: true
    dev: true
    optional: true

  /@rspack/binding-win32-ia32-msvc@1.1.8:
    resolution: {integrity: sha512-FijUxym1INd5fFHwVCLuVP8XEAb4Sk1sMwEEQUlugiDra9ZsLaPw4OgPGxbxkD6SB0DeUz9Zq46Xbcf6d3OgfA==}
    cpu: [ia32]
    os: [win32]
    requiresBuild: true
    dev: true
    optional: true

  /@rspack/binding-win32-x64-msvc@1.1.8:
    resolution: {integrity: sha512-SBzIcND4qpDt71jlu1MCDxt335tqInT3YID9V4DoQ4t8wgM/uad7EgKOWKTK6vc2RRaOIShfS2XzqjNUxPXh4w==}
    cpu: [x64]
    os: [win32]
    requiresBuild: true
    dev: true
    optional: true

  /@rspack/binding@1.1.8:
    resolution: {integrity: sha512-+/JzXx1HctfgPj+XtsCTbRkxiaOfAXGZZLEvs7jgp04WgWRSZ5u97WRCePNPvy+sCfOEH/2zw2ZK36Z7oQRGhQ==}
    optionalDependencies:
      '@rspack/binding-darwin-arm64': 1.1.8
      '@rspack/binding-darwin-x64': 1.1.8
      '@rspack/binding-linux-arm64-gnu': 1.1.8
      '@rspack/binding-linux-arm64-musl': 1.1.8
      '@rspack/binding-linux-x64-gnu': 1.1.8
      '@rspack/binding-linux-x64-musl': 1.1.8
      '@rspack/binding-win32-arm64-msvc': 1.1.8
      '@rspack/binding-win32-ia32-msvc': 1.1.8
      '@rspack/binding-win32-x64-msvc': 1.1.8
    dev: true

  /@rspack/core@1.1.8(@swc/helpers@0.5.15):
    resolution: {integrity: sha512-pcZtcj5iXLCuw9oElTYC47bp/RQADm/MMEb3djHdwJuSlFWfWPQi5QFgJ/lJAxIW9UNHnTFrYtytycfjpuoEcA==}
    engines: {node: '>=16.0.0'}
    peerDependencies:
      '@swc/helpers': '>=0.5.1'
    peerDependenciesMeta:
      '@swc/helpers':
        optional: true
    dependencies:
      '@module-federation/runtime-tools': 0.5.1
      '@rspack/binding': 1.1.8
      '@rspack/lite-tapable': 1.0.1
      '@swc/helpers': 0.5.15
      caniuse-lite: 1.0.30001690
    dev: true

  /@rspack/lite-tapable@1.0.1:
    resolution: {integrity: sha512-VynGOEsVw2s8TAlLf/uESfrgfrq2+rcXB1muPJYBWbsm1Oa6r5qVQhjA5ggM6z/coYPrsVMgovl3Ff7Q7OCp1w==}
    engines: {node: '>=16.0.0'}
    dev: true

  /@swc/helpers@0.5.15:
    resolution: {integrity: sha512-JQ5TuMi45Owi4/BIMAJBoSQoOJu12oOk/gADqlcUL9JEdHB8vyjUSsxqeNXnmXHjYKMi2WcYtezGEEhqUI/E2g==}
    dependencies:
      tslib: 2.8.1
    dev: true

  /@testing-library/dom@10.4.0:
    resolution: {integrity: sha512-pemlzrSESWbdAloYml3bAJMEfNh1Z7EduzqPKprCH5S341frlpYnUEW0H72dLxa6IsYr+mPno20GiSm+h9dEdQ==}
    engines: {node: '>=18'}
    dependencies:
      '@babel/code-frame': 7.26.2
      '@babel/runtime': 7.26.0
      '@types/aria-query': 5.0.4
      aria-query: 5.3.0
      chalk: 4.1.2
      dom-accessibility-api: 0.5.16
      lz-string: 1.5.0
      pretty-format: 27.5.1
    dev: false

  /@testing-library/react@16.1.0(@testing-library/dom@10.4.0)(@types/react-dom@18.3.5)(@types/react@18.3.18)(react-dom@18.3.1)(react@18.3.1):
    resolution: {integrity: sha512-Q2ToPvg0KsVL0ohND9A3zLJWcOXXcO8IDu3fj11KhNt0UlCWyFyvnCIBkd12tidB2lkiVRG8VFqdhcqhqnAQtg==}
    engines: {node: '>=18'}
    peerDependencies:
      '@testing-library/dom': ^10.0.0
      '@types/react': ^18.0.0 || ^19.0.0
      '@types/react-dom': ^18.0.0 || ^19.0.0
      react: ^18.0.0 || ^19.0.0
      react-dom: ^18.0.0 || ^19.0.0
    peerDependenciesMeta:
      '@types/react':
        optional: true
      '@types/react-dom':
        optional: true
    dependencies:
      '@babel/runtime': 7.26.0
      '@testing-library/dom': 10.4.0
      '@types/react': 18.3.18
      '@types/react-dom': 18.3.5(@types/react@18.3.18)
      react: 18.3.1
      react-dom: 18.3.1(react@18.3.1)
    dev: false

  /@testing-library/user-event@14.5.2(@testing-library/dom@10.4.0):
    resolution: {integrity: sha512-YAh82Wh4TIrxYLmfGcixwD18oIjyC1pFQC2Y01F2lzV2HTMiYrI0nze0FD0ocB//CKS/7jIUgae+adPqxK5yCQ==}
    engines: {node: '>=12', npm: '>=6'}
    peerDependencies:
      '@testing-library/dom': '>=7.21.4'
    dependencies:
      '@testing-library/dom': 10.4.0
    dev: false

  /@types/aria-query@5.0.4:
    resolution: {integrity: sha512-rfT93uj5s0PRL7EzccGMs3brplhcrghnDoV26NqKhCAS1hVo+WdNsPvE/yb6ilfr5hi2MEk6d5EWJTKdxg8jVw==}
    dev: false

  /@types/chai@5.0.1:
    resolution: {integrity: sha512-5T8ajsg3M/FOncpLYW7sdOcD6yf4+722sze/tc4KQV0P8Z2rAr3SAuHCIkYmYpt8VbcQlnz8SxlOlPQYefe4cA==}
    dependencies:
      '@types/deep-eql': 4.0.2
    dev: true

  /@types/deep-eql@4.0.2:
    resolution: {integrity: sha512-c9h9dVVMigMPc4bwTvC5dxqtqJZwQPePsWjPlpSOnojbor6pGqdk541lfA7AqFQr5pB1BRdq0juY9db81BwyFw==}
    dev: true

  /@types/lodash@4.17.14:
    resolution: {integrity: sha512-jsxagdikDiDBeIRaPYtArcT8my4tN1og7MtMRquFT3XNA6axxyHDRUemqDz/taRDdOUn0GnGHRCuff4q48sW9A==}
    dev: true

  /@types/node@22.10.2:
    resolution: {integrity: sha512-Xxr6BBRCAOQixvonOye19wnzyDiUtTeqldOOmj3CkeblonbccA12PFwlufvRdrpjXxqnmUaeiU5EOA+7s5diUQ==}
    dependencies:
      undici-types: 6.20.0
    dev: true

  /@types/prop-types@15.7.14:
    resolution: {integrity: sha512-gNMvNH49DJ7OJYv+KAKn0Xp45p8PLl6zo2YnvDIbTd4J6MER2BmWN49TG7n9LvkyihINxeKW8+3bfS2yDC9dzQ==}

  /@types/react-dom@18.3.5(@types/react@18.3.18):
    resolution: {integrity: sha512-P4t6saawp+b/dFrUr2cvkVsfvPguwsxtH6dNIYRllMsefqFzkZk5UIjzyDOv5g1dXIPdG4Sp1yCR4Z6RCUsG/Q==}
    peerDependencies:
      '@types/react': ^18.0.0
    dependencies:
      '@types/react': 18.3.18

  /@types/react@18.3.18:
    resolution: {integrity: sha512-t4yC+vtgnkYjNSKlFx1jkAhH8LgTo2N/7Qvi83kdEaUtMDiwpbLAktKDaAMlRcJ5eSxZkH74eEGt1ky31d7kfQ==}
    dependencies:
      '@types/prop-types': 15.7.14
      csstype: 3.1.3

  /ansi-regex@5.0.1:
    resolution: {integrity: sha512-quJQXlTSUGL2LH9SUXo8VwsY4soanhgo6LNSm84E1LBcE8s3O0wpdiRzyR9z/ZZJMlMWv37qOOb9pdJlMUEKFQ==}
    engines: {node: '>=8'}
    dev: false

  /ansi-styles@4.3.0:
    resolution: {integrity: sha512-zbB9rCJAT1rbjiVDb2hqKFHNYLxgtk8NURxZ3IZwD3F6NtxbXZQCnnSi1Lkx+IDohdPlFp222wVALIheZJQSEg==}
    engines: {node: '>=8'}
    dependencies:
      color-convert: 2.0.1
    dev: false

  /ansi-styles@5.2.0:
    resolution: {integrity: sha512-Cxwpt2SfTzTtXcfOlzGEee8O+c+MmUgGrNiBcXnuWxuFJHe6a5Hz7qwhwe5OgaSYI0IJvkLqWX1ASG+cJOkEiA==}
    engines: {node: '>=10'}
    dev: false

  /aria-query@5.3.0:
    resolution: {integrity: sha512-b0P0sZPKtyu8HkeRAfCq0IfURZK+SuwMjY1UXGBU27wpAiTwQAIlq56IbIO+ytk/JjS1fMR14ee5WBBfKi5J6A==}
    dependencies:
      dequal: 2.0.3
    dev: false

  /assertion-error@2.0.1:
    resolution: {integrity: sha512-Izi8RQcffqCeNVgFigKli1ssklIbpHnCYc6AknXGYoB6grJqyeby7jv12JUQgmTAnIDnbck1uxksT4dzN3PWBA==}
    engines: {node: '>=12'}
    dev: true

  /caniuse-lite@1.0.30001690:
    resolution: {integrity: sha512-5ExiE3qQN6oF8Clf8ifIDcMRCRE/dMGcETG/XGMD8/XiXm6HXQgQTh1yZYLXXpSOsEUlJm1Xr7kGULZTuGtP/w==}
    dev: true

  /chai@5.1.2:
    resolution: {integrity: sha512-aGtmf24DW6MLHHG5gCx4zaI3uBq3KRtxeVs0DjFH6Z0rDNbsvTxFASFvdj79pxjxZ8/5u3PIiN3IwEIQkiiuPw==}
    engines: {node: '>=12'}
    dependencies:
      assertion-error: 2.0.1
      check-error: 2.1.1
      deep-eql: 5.0.2
      loupe: 3.1.2
      pathval: 2.0.0
    dev: true

  /chalk@4.1.2:
    resolution: {integrity: sha512-oKnbhFyRIXpUuez8iBMmyEa4nbj4IOQyuhc/wy9kY7/WVPcwIO9VA668Pu8RkO7+0G76SLROeyw9CpQ061i4mA==}
    engines: {node: '>=10'}
    dependencies:
      ansi-styles: 4.3.0
      supports-color: 7.2.0
    dev: false

  /check-error@2.1.1:
    resolution: {integrity: sha512-OAlb+T7V4Op9OwdkjmguYRqncdlx5JiofwOAUkmTF+jNdHwzTaTs4sRAGpzLF3oOz5xAyDGrPgeIDFQmDOTiJw==}
    engines: {node: '>= 16'}
    dev: true

  /color-convert@2.0.1:
    resolution: {integrity: sha512-RRECPsj7iu/xb5oKYcsFHSppFNnsj/52OVTRKb4zP5onXwVF3zVmmToNcOfGC+CRDpfK/U584fMg38ZHCaElKQ==}
    engines: {node: '>=7.0.0'}
    dependencies:
      color-name: 1.1.4
    dev: false

  /color-name@1.1.4:
    resolution: {integrity: sha512-dOy+3AuW3a2wNbZHIuMZpTcgjGuLU/uBL/ubcZF9OXbDo8ff4O8yVp5Bf0efS8uEoYo5q4Fx7dY9OgQGXgAsQA==}
    dev: false

  /core-js@3.39.0:
    resolution: {integrity: sha512-raM0ew0/jJUqkJ0E6e8UDtl+y/7ktFivgWvqw8dNSQeNWoSDLvQ1H/RN3aPXB9tBd4/FhyR4RDPGhsNIMsAn7g==}
    requiresBuild: true
    dev: true

  /csstype@3.1.3:
    resolution: {integrity: sha512-M1uQkMl8rQK/szD0LNhtqxIPLpimGm8sOBwU7lLnCpSbTyY3yeU1Vc7l4KT5zT4s/yOxHH5O7tIuuLOCnLADRw==}

  /deep-eql@5.0.2:
    resolution: {integrity: sha512-h5k/5U50IJJFpzfL6nO9jaaumfjO/f2NjK/oYB2Djzm4p9L+3T9qWpZqZ2hAbLPuuYq9wrU08WQyBTL5GbPk5Q==}
    engines: {node: '>=6'}
    dev: true

  /dequal@2.0.3:
    resolution: {integrity: sha512-0je+qPKHEMohvfRTCEo3CrPG6cAzAYgmzKyxRiYSSDkS6eGJdyVJm7WaYA5ECaAD9wLB2T4EEeymA5aFVcYXCA==}
    engines: {node: '>=6'}
    dev: false

  /dom-accessibility-api@0.5.16:
    resolution: {integrity: sha512-X7BJ2yElsnOJ30pZF4uIIDfBEVgF4XEBxL9Bxhy6dnrm5hkzqmsWHGTiHqRiITNhMyFLyAiWndIJP7Z1NTteDg==}
    dev: false

  /fdir@6.4.2(picomatch@4.0.2):
    resolution: {integrity: sha512-KnhMXsKSPZlAhp7+IjUkRZKPb4fUyccpDrdFXbi4QL1qkmFh9kVY09Yox+n4MaOb3lHZ1Tv829C3oaaXoMYPDQ==}
    peerDependencies:
      picomatch: ^3 || ^4
    peerDependenciesMeta:
      picomatch:
        optional: true
    dependencies:
      picomatch: 4.0.2

  /has-flag@4.0.0:
    resolution: {integrity: sha512-EykJT/Q1KjTWctppgIAgfSO0tKVuZUjhgMr17kqTumMl6Afv3EISleU7qZUzoXDFTAHTDC4NOoG/ZxU3EvlMPQ==}
    engines: {node: '>=8'}
    dev: false

  /js-tokens@4.0.0:
    resolution: {integrity: sha512-RdJUflcE3cUzKiMqQgsCu06FPu9UdIJO0beYbPhHN4k6apgJtifcoCtT9bcxOpYBtpD2kCM6Sbzg4CausW/PKQ==}
    dev: false

  /lodash@4.17.21:
    resolution: {integrity: sha512-v2kDEe57lecTulaDIuNTPy3Ry4gLGJ6Z1O3vE1krgXZNrsQ+LFTGHVxVjcXPs17LhbZVGedAJv8XZ1tvj5FvSg==}
    dev: false

  /loose-envify@1.4.0:
    resolution: {integrity: sha512-lyuxPGr/Wfhrlem2CL/UcnUc1zcqKAImBDzukY7Y5F/yQiNdko6+fRLevlw1HgMySw7f611UIY408EtxRSoK3Q==}
    hasBin: true
    dependencies:
      js-tokens: 4.0.0
    dev: false

  /loupe@3.1.2:
    resolution: {integrity: sha512-23I4pFZHmAemUnz8WZXbYRSKYj801VDaNv9ETuMh7IrMc7VuVVSo+Z9iLE3ni30+U48iDWfi30d3twAXBYmnCg==}
    dev: true

  /lz-string@1.5.0:
    resolution: {integrity: sha512-h5bgJWpxJNswbU7qCrV0tIKQCaS3blPDrqKWx+QxzuzL1zGUzij9XCWLrSLsJPu5t+eWA/ycetzYAO5IOMcWAQ==}
    hasBin: true
    dev: false

  /magic-string@0.30.17:
    resolution: {integrity: sha512-sNPKHvyjVf7gyjwS4xGTaW/mCnF8wnjtifKBEhxfZ7E/S8tQ0rssrwGNn6q8JH/ohItJfSQp9mBtQYuTlH5QnA==}
    dependencies:
      '@jridgewell/sourcemap-codec': 1.5.0
    dev: true

  /matchit@1.1.0:
    resolution: {integrity: sha512-+nGYoOlfHmxe5BW5tE0EMJppXEwdSf8uBA1GTZC7Q77kbT35+VKLYJMzVNWCHSsga1ps1tPYFtFyvxvKzWVmMA==}
    engines: {node: '>=6'}
    dependencies:
      '@arr/every': 1.0.1
    dev: true

  /pathval@2.0.0:
    resolution: {integrity: sha512-vE7JKRyES09KiunauX7nd2Q9/L7lhok4smP9RZTDeD4MVs72Dp2qNFVz39Nz5a0FVEW0BJR6C0DYrq6unoziZA==}
    engines: {node: '>= 14.16'}
    dev: true

  /picocolors@1.1.1:
    resolution: {integrity: sha512-xceH2snhtb5M9liqDsmEw56le376mTZkEX/jEb/RxNFyegNul7eNslCXP9FDj/Lcu0X8KEyMceP2ntpaHrDEVA==}

  /picomatch@4.0.2:
    resolution: {integrity: sha512-M7BAV6Rlcy5u+m6oPhAPFgJTzAioX/6B0DxyvDlo9l8+T3nLKbrczg2WLUyzd45L8RqfUMyGPzekbMvX2Ldkwg==}
    engines: {node: '>=12'}

  /polka@0.5.2:
    resolution: {integrity: sha512-FVg3vDmCqP80tOrs+OeNlgXYmFppTXdjD5E7I4ET1NjvtNmQrb1/mJibybKkb/d4NA7YWAr1ojxuhpL3FHqdlw==}
    dependencies:
      '@polka/url': 0.5.0
      trouter: 2.0.1
    dev: true

  /prettier@3.4.2:
    resolution: {integrity: sha512-e9MewbtFo+Fevyuxn/4rrcDAaq0IYxPGLvObpQjiZBMAzB9IGmzlnG9RZy3FFas+eBMu2vA0CszMeduow5dIuQ==}
    engines: {node: '>=14'}
    hasBin: true
    dev: true

  /pretty-format@27.5.1:
    resolution: {integrity: sha512-Qb1gy5OrP5+zDf2Bvnzdl3jsTf1qXVMazbvCoKhtKqVs4/YK4ozX4gKQJJVyNe+cajNPn0KoC0MC3FUmaHWEmQ==}
    engines: {node: ^10.13.0 || ^12.13.0 || ^14.15.0 || >=15.0.0}
    dependencies:
      ansi-regex: 5.0.1
      ansi-styles: 5.2.0
      react-is: 17.0.2
    dev: false

  /react-dom@18.3.1(react@18.3.1):
    resolution: {integrity: sha512-5m4nQKp+rZRb09LNH59GM4BxTh9251/ylbKIbpe7TpGxfJ+9kv6BLkLBXIjjspbgbnIBNqlI23tRnTWT0snUIw==}
    peerDependencies:
      react: ^18.3.1
    dependencies:
      loose-envify: 1.4.0
      react: 18.3.1
      scheduler: 0.23.2
    dev: false

  /react-is@17.0.2:
    resolution: {integrity: sha512-w2GsyukL62IJnlaff/nRegPQR94C/XXamvMWmSHRJ4y7Ts/4ocGRmTHvOs8PSE6pB3dWOrD/nueuU5sduBsQ4w==}
    dev: false

  /react@18.3.1:
    resolution: {integrity: sha512-wS+hAgJShR0KhEvPJArfuPVN1+Hz1t0Y6n5jLrGQbkb4urgPE/0Rve+1kMB1v/oWgHgm4WIcV+i7F2pTVj+2iQ==}
    engines: {node: '>=0.10.0'}
    dependencies:
      loose-envify: 1.4.0
    dev: false

  /regenerator-runtime@0.14.1:
    resolution: {integrity: sha512-dYnhHh0nJoMfnkZs6GmmhFknAGRrLznOu5nc9ML+EJxGvrx6H7teuevqVqCuPcPK//3eDrrjQhehXVx9cnkGdw==}
    dev: false

  /rsbuild-plugin-dts@0.1.5(@rsbuild/core@1.1.13)(typescript@5.7.2):
    resolution: {integrity: sha512-p5xN+Cxv59Pk7dHZJk3ca6ryycPfIbyVPk0KWuanLE0/c2s2A5KNJCB/Qyc/MZTYEXhcJNS8FTKxEMXXJGYwvA==}
    engines: {node: '>=16.0.0'}
    peerDependencies:
      '@microsoft/api-extractor': ^7
      '@rsbuild/core': 1.x
      typescript: ^5
    peerDependenciesMeta:
      '@microsoft/api-extractor':
        optional: true
      typescript:
        optional: true
    dependencies:
      '@rsbuild/core': 1.1.13
      magic-string: 0.30.17
      picocolors: 1.1.1
      tinyglobby: 0.2.10
      typescript: 5.7.2
    dev: true

  /scheduler@0.23.2:
    resolution: {integrity: sha512-UOShsPwz7NrMUqhR6t0hWjFduvOzbtv7toDH1/hIrfRNIDBnnBWd0CwJTGvTpngVlmwGCdP9/Zl/tVrDqcuYzQ==}
    dependencies:
      loose-envify: 1.4.0
    dev: false

  /supports-color@7.2.0:
    resolution: {integrity: sha512-qpCAvRl9stuOHveKsn7HncJRvv501qIacKzQlO/+Lwxc9+0q2wLyv4Dfvt80/DPn2pqOBsJdDiogXGR9+OvwRw==}
    engines: {node: '>=8'}
    dependencies:
      has-flag: 4.0.0
    dev: false

  /tinyglobby@0.2.10:
    resolution: {integrity: sha512-Zc+8eJlFMvgatPZTl6A9L/yht8QqdmUNtURHaKZLmKBE12hNPSrqNkUp2cs3M/UKmNVVAMFQYSjYIVHDjW5zew==}
    engines: {node: '>=12.0.0'}
    dependencies:
      fdir: 6.4.2(picomatch@4.0.2)
      picomatch: 4.0.2

  /trouter@2.0.1:
    resolution: {integrity: sha512-kr8SKKw94OI+xTGOkfsvwZQ8mWoikZDd2n8XZHjJVZUARZT+4/VV6cacRS6CLsH9bNm+HFIPU1Zx4CnNnb4qlQ==}
    engines: {node: '>=6'}
    dependencies:
      matchit: 1.1.0
    dev: true

  /tslib@2.8.1:
    resolution: {integrity: sha512-oJFu94HQb+KVduSUQL7wnpmqnfmLsOA/nAh6b6EH0wCEoK0/mPeXU6c3wKDV83MkOuHPRHtSXKKU99IBazS/2w==}
    dev: true

  /typescript@5.7.2:
    resolution: {integrity: sha512-i5t66RHxDvVN40HfDd1PsEThGNnlMCMT3jMUuoh9/0TaqWevNontacunWyN02LA9/fIbEWlcHZcgTKb9QoaLfg==}
    engines: {node: '>=14.17'}
    hasBin: true
    dev: true

  /undici-types@6.20.0:
    resolution: {integrity: sha512-Ny6QZ2Nju20vw1SRHe3d9jVu6gJ+4e3+MMpqu7pqE5HT6WsTSlce++GQmK5UXS8mzV8DSYHrQH+Xrf2jVcuKNg==}
    dev: true
